Microsoft Visual Studio Solution File, Format Version 12.00
# Visual Studio 15
Project("{8BC9CEB8-8B4A-11D0-8D11-00A0C91BC942}") = "ALL_BUILD", "ALL_BUILD.vcxproj", "{6E6A9B87-A78C-3192-A6D3-73E014D504CE}"
	ProjectSection(ProjectDependencies) = postProject
		{C21DA3A9-F30D-38FF-B5DA-0A383718D640} = {C21DA3A9-F30D-38FF-B5DA-0A383718D640}
		{994DD9C4-159C-30D3-B805-FABDCB1B2AD4} = {994DD9C4-159C-30D3-B805-FABDCB1B2AD4}
		{E9CF8A5C-BB75-3101-9FFC-B9A493D94582} = {E9CF8A5C-BB75-3101-9FFC-B9A493D94582}
	EndProjectSection
EndProject
Project("{8BC9CEB8-8B4A-11D0-8D11-00A0C91BC942}") = "DlibDotNet.Native", "DlibDotNet.Native.vcxproj", "{C21DA3A9-F30D-38FF-B5DA-0A383718D640}"
	ProjectSection(ProjectDependencies) = postProject
		{994DD9C4-159C-30D3-B805-FABDCB1B2AD4} = {994DD9C4-159C-30D3-B805-FABDCB1B2AD4}
		{E9CF8A5C-BB75-3101-9FFC-B9A493D94582} = {E9CF8A5C-BB75-3101-9FFC-B9A493D94582}
	EndProjectSection
EndProject
Project("{8BC9CEB8-8B4A-11D0-8D11-00A0C91BC942}") = "PACKAGE", "PACKAGE.vcxproj", "{377A74BF-AC68-3251-BC11-5E4D97E42DF6}"
	ProjectSection(ProjectDependencies) = postProject
		{6E6A9B87-A78C-3192-A6D3-73E014D504CE} = {6E6A9B87-A78C-3192-A6D3-73E014D504CE}
		{994DD9C4-159C-30D3-B805-FABDCB1B2AD4} = {994DD9C4-159C-30D3-B805-FABDCB1B2AD4}
	EndProjectSection
EndProject
Project("{8BC9CEB8-8B4A-11D0-8D11-00A0C91BC942}") = "ZERO_CHECK", "ZERO_CHECK.vcxproj", "{994DD9C4-159C-30D3-B805-FABDCB1B2AD4}"
	ProjectSection(ProjectDependencies) = postProject
	EndProjectSection
EndProject
Project("{8BC9CEB8-8B4A-11D0-8D11-00A0C91BC942}") = "dlib", "dlib_build\dlib.vcxproj", "{E9CF8A5C-BB75-3101-9FFC-B9A493D94582}"
	ProjectSection(ProjectDependencies) = postProject
		{994DD9C4-159C-30D3-B805-FABDCB1B2AD4} = {994DD9C4-159C-30D3-B805-FABDCB1B2AD4}
	EndProjectSection
EndProject
Global
	GlobalSection(SolutionConfigurationPlatforms) = preSolution
		Debug|x64 = Debug|x64
		Release|x64 = Release|x64
		MinSizeRel|x64 = MinSizeRel|x64
		RelWithDebInfo|x64 = RelWithDebInfo|x64
	EndGlobalSection
	GlobalSection(ProjectConfigurationPlatforms) = postSolution
		{6E6A9B87-A78C-3192-A6D3-73E014D504CE}.Debug|x64.ActiveCfg = Debug|x64
		{6E6A9B87-A78C-3192-A6D3-73E014D504CE}.Debug|x64.Build.0 = Debug|x64
		{6E6A9B87-A78C-3192-A6D3-73E014D504CE}.Release|x64.ActiveCfg = Release|x64
		{6E6A9B87-A78C-3192-A6D3-73E014D504CE}.Release|x64.Build.0 = Release|x64
		{6E6A9B87-A78C-3192-A6D3-73E014D504CE}.MinSizeRel|x64.ActiveCfg = MinSizeRel|x64
		{6E6A9B87-A78C-3192-A6D3-73E014D504CE}.MinSizeRel|x64.Build.0 = MinSizeRel|x64
		{6E6A9B87-A78C-3192-A6D3-73E014D504CE}.RelWithDebInfo|x64.ActiveCfg = RelWithDebInfo|x64
		{6E6A9B87-A78C-3192-A6D3-73E014D504CE}.RelWithDebInfo|x64.Build.0 = RelWithDebInfo|x64
		{C21DA3A9-F30D-38FF-B5DA-0A383718D640}.Debug|x64.ActiveCfg = Debug|x64
		{C21DA3A9-F30D-38FF-B5DA-0A383718D640}.Debug|x64.Build.0 = Debug|x64
		{C21DA3A9-F30D-38FF-B5DA-0A383718D640}.Release|x64.ActiveCfg = Release|x64
		{C21DA3A9-F30D-38FF-B5DA-0A383718D640}.Release|x64.Build.0 = Release|x64
		{C21DA3A9-F30D-38FF-B5DA-0A383718D640}.MinSizeRel|x64.ActiveCfg = MinSizeRel|x64
		{C21DA3A9-F30D-38FF-B5DA-0A383718D640}.MinSizeRel|x64.Build.0 = MinSizeRel|x64
		{C21DA3A9-F30D-38FF-B5DA-0A383718D640}.RelWithDebInfo|x64.ActiveCfg = RelWithDebInfo|x64
		{C21DA3A9-F30D-38FF-B5DA-0A383718D640}.RelWithDebInfo|x64.Build.0 = RelWithDebInfo|x64
		{377A74BF-AC68-3251-BC11-5E4D97E42DF6}.Debug|x64.ActiveCfg = Debug|x64
		{377A74BF-AC68-3251-BC11-5E4D97E42DF6}.Release|x64.ActiveCfg = Release|x64
		{377A74BF-AC68-3251-BC11-5E4D97E42DF6}.MinSizeRel|x64.ActiveCfg = MinSizeRel|x64
		{377A74BF-AC68-3251-BC11-5E4D97E42DF6}.RelWithDebInfo|x64.ActiveCfg = RelWithDebInfo|x64
		{994DD9C4-159C-30D3-B805-FABDCB1B2AD4}.Debug|x64.ActiveCfg = Debug|x64
		{994DD9C4-159C-30D3-B805-FABDCB1B2AD4}.Debug|x64.Build.0 = Debug|x64
		{994DD9C4-159C-30D3-B805-FABDCB1B2AD4}.Release|x64.ActiveCfg = Release|x64
		{994DD9C4-159C-30D3-B805-FABDCB1B2AD4}.Release|x64.Build.0 = Release|x64
		{994DD9C4-159C-30D3-B805-FABDCB1B2AD4}.MinSizeRel|x64.ActiveCfg = MinSizeRel|x64
		{994DD9C4-159C-30D3-B805-FABDCB1B2AD4}.MinSizeRel|x64.Build.0 = MinSizeRel|x64
		{994DD9C4-159C-30D3-B805-FABDCB1B2AD4}.RelWithDebInfo|x64.ActiveCfg = RelWithDebInfo|x64
		{994DD9C4-159C-30D3-B805-FABDCB1B2AD4}.RelWithDebInfo|x64.Build.0 = RelWithDebInfo|x64
		{E9CF8A5C-BB75-3101-9FFC-B9A493D94582}.Debug|x64.ActiveCfg = Debug|x64
		{E9CF8A5C-BB75-3101-9FFC-B9A493D94582}.Debug|x64.Build.0 = Debug|x64
		{E9CF8A5C-BB75-3101-9FFC-B9A493D94582}.Release|x64.ActiveCfg = Release|x64
		{E9CF8A5C-BB75-3101-9FFC-B9A493D94582}.Release|x64.Build.0 = Release|x64
		{E9CF8A5C-BB75-3101-9FFC-B9A493D94582}.MinSizeRel|x64.ActiveCfg = MinSizeRel|x64
		{E9CF8A5C-BB75-3101-9FFC-B9A493D94582}.MinSizeRel|x64.Build.0 = MinSizeRel|x64
		{E9CF8A5C-BB75-3101-9FFC-B9A493D94582}.RelWithDebInfo|x64.ActiveCfg = RelWithDebInfo|x64
		{E9CF8A5C-BB75-3101-9FFC-B9A493D94582}.RelWithDebInfo|x64.Build.0 = RelWithDebInfo|x64
	EndGlobalSection
	GlobalSection(ExtensibilityGlobals) = postSolution
		SolutionGuid = {AAE38AAA-6BCE-3858-B999-B510CFA91A8D}
	EndGlobalSection
	GlobalSection(ExtensibilityAddIns) = postSolution
	EndGlobalSection
EndGlobal
