<?xml version="1.0" encoding="utf-8"?>
<Project ToolsVersion="15.0" xmlns="http://schemas.microsoft.com/developer/msbuild/2003">
  <ItemGroup>
    <CustomBuild Include="C:\Users\Chris\Source\Repos\WindowsFormsApp1\WindowsFormsApp1\DlibDotNet-master\src\DlibDotNet.Native.Dnn\dlib_build\neon_test_build\CMakeFiles\b665060fa05d2291d4913a6fbc9e059f\generate.stamp.rule">
      <Filter>CMake Rules</Filter>
    </CustomBuild>
  </ItemGroup>
  <ItemGroup>
    <Filter Include="CMake Rules">
      <UniqueIdentifier>{1B68FBCC-461C-374E-800B-DFFF1960E892}</UniqueIdentifier>
    </Filter>
  </ItemGroup>
</Project>
