<?xml version="1.0" encoding="utf-8"?>
<Project ToolsVersion="15.0" xmlns="http://schemas.microsoft.com/developer/msbuild/2003">
  <ItemGroup>
    <CustomBuild Include="C:\Users\Chris\Source\Repos\WindowsFormsApp1\WindowsFormsApp1\DlibDotNet-master\src\DlibDotNet.Native.Dnn\CMakeFiles\e9ede8c977fff8dd0f9b27df580098c1\PACKAGE_force.rule">
      <Filter>CMake Rules</Filter>
    </CustomBuild>
  </ItemGroup>
  <ItemGroup>
    <Filter Include="CMake Rules">
      <UniqueIdentifier>{FA46C776-778B-3F1E-AB85-7222DCED0D3D}</UniqueIdentifier>
    </Filter>
  </ItemGroup>
</Project>
